
Microsoft Visual Studio Solution File, Format Version 12.00
# Visual Studio 15
VisualStudioVersion = 15.0.27703.2035
MinimumVisualStudioVersion = 10.0.40219.1
Project("{9A19103F-16F7-4668-BE54-9A1E7A4F7556}") = "WebApi", "WebApi\WebApi.csproj", "{8CABD02A-E605-435D-B6B2-DACB3F075B09}"
EndProject
Project("{FAE04EC0-301F-11D3-BF4B-00C04F79EFBC}") = "ApplicationCore", "ApplicationCore\ApplicationCore.csproj", "{F7111BF7-9C31-46DC-8E2A-771C3EE33F01}"
EndProject
Project("{FAE04EC0-301F-11D3-BF4B-00C04F79EFBC}") = "Infrastructure", "Infrastructure\Infrastructure.csproj", "{5E904431-7275-4A7C-A13C-2050B0C4EF80}"
EndProject
Global
	GlobalSection(SolutionConfigurationPlatforms) = preSolution
		Debug|Any CPU = Debug|Any CPU
		Release|Any CPU = Release|Any CPU
	EndGlobalSection
	GlobalSection(ProjectConfigurationPlatforms) = postSolution
		{8CABD02A-E605-435D-B6B2-DACB3F075B09}.Debug|Any CPU.ActiveCfg = Debug|Any CPU
		{8CABD02A-E605-435D-B6B2-DACB3F075B09}.Debug|Any CPU.Build.0 = Debug|Any CPU
		{8CABD02A-E605-435D-B6B2-DACB3F075B09}.Release|Any CPU.ActiveCfg = Release|Any CPU
		{8CABD02A-E605-435D-B6B2-DACB3F075B09}.Release|Any CPU.Build.0 = Release|Any CPU
		{F7111BF7-9C31-46DC-8E2A-771C3EE33F01}.Debug|Any CPU.ActiveCfg = Debug|Any CPU
		{F7111BF7-9C31-46DC-8E2A-771C3EE33F01}.Debug|Any CPU.Build.0 = Debug|Any CPU
		{F7111BF7-9C31-46DC-8E2A-771C3EE33F01}.Release|Any CPU.ActiveCfg = Release|Any CPU
		{F7111BF7-9C31-46DC-8E2A-771C3EE33F01}.Release|Any CPU.Build.0 = Release|Any CPU
		{5E904431-7275-4A7C-A13C-2050B0C4EF80}.Debug|Any CPU.ActiveCfg = Debug|Any CPU
		{5E904431-7275-4A7C-A13C-2050B0C4EF80}.Debug|Any CPU.Build.0 = Debug|Any CPU
		{5E904431-7275-4A7C-A13C-2050B0C4EF80}.Release|Any CPU.ActiveCfg = Release|Any CPU
		{5E904431-7275-4A7C-A13C-2050B0C4EF80}.Release|Any CPU.Build.0 = Release|Any CPU
	EndGlobalSection
	GlobalSection(SolutionProperties) = preSolution
		HideSolutionNode = FALSE
	EndGlobalSection
	GlobalSection(ExtensibilityGlobals) = postSolution
		SolutionGuid = {15574E64-5CB9-463E-8A46-8C217B746DD9}
	EndGlobalSection
EndGlobal
